// !$*UTF8*$!
{
	archiveVersion = 1;
	classes = {
	};
	objectVersion = 46;
	objects = {

/* Begin PBXBuildFile section */
		47360DA31A482FBE00CCDEB0 /* WeightEntry.m in Sources */ = {isa = PBXBuildFile; fileRef = 47360DA21A482FBE00CCDEB0 /* WeightEntry.m */; };
		47360DA61A48318A00CCDEB0 /* WeightHistory.m in Sources */ = {isa = PBXBuildFile; fileRef = 47360DA51A48318A00CCDEB0 /* WeightHistory.m */; };
		475252661A4992EF00687E69 /* TabBarController.m in Sources */ = {isa = PBXBuildFile; fileRef = 475252651A4992EF00687E69 /* TabBarController.m */; };
		47B94EED1A480E05004DD15E /* main.m in Sources */ = {isa = PBXBuildFile; fileRef = 47B94EEC1A480E05004DD15E /* main.m */; };
		47B94EF01A480E05004DD15E /* AppDelegate.m in Sources */ = {isa = PBXBuildFile; fileRef = 47B94EEF1A480E05004DD15E /* AppDelegate.m */; };
		47B94EF91A480E05004DD15E /* Main.storyboard in Resources */ = {isa = PBXBuildFile; fileRef = 47B94EF71A480E05004DD15E /* Main.storyboard */; };
		47B94EFB1A480E05004DD15E /* Images.xcassets in Resources */ = {isa = PBXBuildFile; fileRef = 47B94EFA1A480E05004DD15E /* Images.xcassets */; };
		47B94EFE1A480E05004DD15E /* LaunchScreen.xib in Resources */ = {isa = PBXBuildFile; fileRef = 47B94EFC1A480E05004DD15E /* LaunchScreen.xib */; };
		47B94F0A1A480E05004DD15E /* Health_BeatTests.m in Sources */ = {isa = PBXBuildFile; fileRef = 47B94F091A480E05004DD15E /* Health_BeatTests.m */; };
		47B94F191A481302004DD15E /* EnterWeightViewController.m in Sources */ = {isa = PBXBuildFile; fileRef = 47B94F181A481302004DD15E /* EnterWeightViewController.m */; };
		47B94F1F1A481360004DD15E /* HistoryViewController.m in Sources */ = {isa = PBXBuildFile; fileRef = 47B94F1E1A481360004DD15E /* HistoryViewController.m */; };
		47B94F221A48138B004DD15E /* DetailViewController.m in Sources */ = {isa = PBXBuildFile; fileRef = 47B94F211A48138B004DD15E /* DetailViewController.m */; };
		47B94F251A4813A4004DD15E /* GraphViewController.m in Sources */ = {isa = PBXBuildFile; fileRef = 47B94F241A4813A4004DD15E /* GraphViewController.m */; };
/* End PBXBuildFile section */

/* Begin PBXContainerItemProxy section */
		47B94F041A480E05004DD15E /* PBXContainerItemProxy */ = {
			isa = PBXContainerItemProxy;
			containerPortal = 47B94EDF1A480E05004DD15E /* Project object */;
			proxyType = 1;
			remoteGlobalIDString = 47B94EE61A480E05004DD15E;
			remoteInfo = "Health Beat";
		};
/* End PBXContainerItemProxy section */

/* Begin PBXFileReference section */
		47360DA11A482FBE00CCDEB0 /* WeightEntry.h */ = {isa = PBXFileReference; fileEncoding = 4; lastKnownFileType = sourcecode.c.h; path = WeightEntry.h; sourceTree = "<group>"; };
		47360DA21A482FBE00CCDEB0 /* WeightEntry.m */ = {isa = PBXFileReference; fileEncoding = 4; lastKnownFileType = sourcecode.c.objc; path = WeightEntry.m; sourceTree = "<group>"; };
		47360DA41A48318A00CCDEB0 /* WeightHistory.h */ = {isa = PBXFileReference; fileEncoding = 4; lastKnownFileType = sourcecode.c.h; path = WeightHistory.h; sourceTree = "<group>"; };
		47360DA51A48318A00CCDEB0 /* WeightHistory.m */ = {isa = PBXFileReference; fileEncoding = 4; lastKnownFileType = sourcecode.c.objc; path = WeightHistory.m; sourceTree = "<group>"; };
		475252641A4992EF00687E69 /* TabBarController.h */ = {isa = PBXFileReference; fileEncoding = 4; lastKnownFileType = sourcecode.c.h; path = TabBarController.h; sourceTree = "<group>"; };
		475252651A4992EF00687E69 /* TabBarController.m */ = {isa = PBXFileReference; fileEncoding = 4; lastKnownFileType = sourcecode.c.objc; path = TabBarController.m; sourceTree = "<group>"; };
		47B94EE71A480E05004DD15E /* Health Beat.app */ = {isa = PBXFileReference; explicitFileType = wrapper.application; includeInIndex = 0; path = "Health Beat.app"; sourceTree = BUILT_PRODUCTS_DIR; };
		47B94EEB1A480E05004DD15E /* Info.plist */ = {isa = PBXFileReference; lastKnownFileType = text.plist.xml; path = Info.plist; sourceTree = "<group>"; };
		47B94EEC1A480E05004DD15E /* main.m */ = {isa = PBXFileReference; lastKnownFileType = sourcecode.c.objc; path = main.m; sourceTree = "<group>"; };
		47B94EEE1A480E05004DD15E /* AppDelegate.h */ = {isa = PBXFileReference; lastKnownFileType = sourcecode.c.h; path = AppDelegate.h; sourceTree = "<group>"; };
		47B94EEF1A480E05004DD15E /* AppDelegate.m */ = {isa = PBXFileReference; lastKnownFileType = sourcecode.c.objc; path = AppDelegate.m; sourceTree = "<group>"; };
		47B94EF81A480E05004DD15E /* Base */ = {isa = PBXFileReference; lastKnownFileType = file.storyboard; name = Base; path = Base.lproj/Main.storyboard; sourceTree = "<group>"; };
		47B94EFA1A480E05004DD15E /* Images.xcassets */ = {isa = PBXFileReference; lastKnownFileType = folder.assetcatalog; path = Images.xcassets; sourceTree = "<group>"; };
		47B94EFD1A480E05004DD15E /* Base */ = {isa = PBXFileReference; lastKnownFileType = file.xib; name = Base; path = Base.lproj/LaunchScreen.xib; sourceTree = "<group>"; };
		47B94F031A480E05004DD15E /* Health BeatTests.xctest */ = {isa = PBXFileReference; explicitFileType = wrapper.cfbundle; includeInIndex = 0; path = "Health BeatTests.xctest"; sourceTree = BUILT_PRODUCTS_DIR; };
		47B94F081A480E05004DD15E /* Info.plist */ = {isa = PBXFileReference; lastKnownFileType = text.plist.xml; path = Info.plist; sourceTree = "<group>"; };
		47B94F091A480E05004DD15E /* Health_BeatTests.m */ = {isa = PBXFileReference; lastKnownFileType = sourcecode.c.objc; path = Health_BeatTests.m; sourceTree = "<group>"; };
		47B94F171A481302004DD15E /* EnterWeightViewController.h */ = {isa = PBXFileReference; fileEncoding = 4; lastKnownFileType = sourcecode.c.h; path = EnterWeightViewController.h; sourceTree = "<group>"; };
		47B94F181A481302004DD15E /* EnterWeightViewController.m */ = {isa = PBXFileReference; fileEncoding = 4; lastKnownFileType = sourcecode.c.objc; path = EnterWeightViewController.m; sourceTree = "<group>"; };
		47B94F1D1A481360004DD15E /* HistoryViewController.h */ = {isa = PBXFileReference; fileEncoding = 4; lastKnownFileType = sourcecode.c.h; path = HistoryViewController.h; sourceTree = "<group>"; };
		47B94F1E1A481360004DD15E /* HistoryViewController.m */ = {isa = PBXFileReference; fileEncoding = 4; lastKnownFileType = sourcecode.c.objc; path = HistoryViewController.m; sourceTree = "<group>"; };
		47B94F201A48138B004DD15E /* DetailViewController.h */ = {isa = PBXFileReference; fileEncoding = 4; lastKnownFileType = sourcecode.c.h; path = DetailViewController.h; sourceTree = "<group>"; };
		47B94F211A48138B004DD15E /* DetailViewController.m */ = {isa = PBXFileReference; fileEncoding = 4; lastKnownFileType = sourcecode.c.objc; path = DetailViewController.m; sourceTree = "<group>"; };
		47B94F231A4813A4004DD15E /* GraphViewController.h */ = {isa = PBXFileReference; fileEncoding = 4; lastKnownFileType = sourcecode.c.h; path = GraphViewController.h; sourceTree = "<group>"; };
		47B94F241A4813A4004DD15E /* GraphViewController.m */ = {isa = PBXFileReference; fileEncoding = 4; lastKnownFileType = sourcecode.c.objc; path = GraphViewController.m; sourceTree = "<group>"; };
/* End PBXFileReference section */

/* Begin PBXFrameworksBuildPhase section */
		47B94EE41A480E05004DD15E /* Frameworks */ = {
			isa = PBXFrameworksBuildPhase;
			buildActionMask = 2147483647;
			files = (
			);
			runOnlyForDeploymentPostprocessing = 0;
		};
		47B94F001A480E05004DD15E /* Frameworks */ = {
			isa = PBXFrameworksBuildPhase;
			buildActionMask = 2147483647;
			files = (
			);
			runOnlyForDeploymentPostprocessing = 0;
		};
/* End PBXFrameworksBuildPhase section */

/* Begin PBXGroup section */
		47B94EDE1A480E05004DD15E = {
			isa = PBXGroup;
			children = (
				47B94EE91A480E05004DD15E /* Health Beat */,
				47B94F061A480E05004DD15E /* Health BeatTests */,
				47B94EE81A480E05004DD15E /* Products */,
			);
			sourceTree = "<group>";
		};
		47B94EE81A480E05004DD15E /* Products */ = {
			isa = PBXGroup;
			children = (
				47B94EE71A480E05004DD15E /* Health Beat.app */,
				47B94F031A480E05004DD15E /* Health BeatTests.xctest */,
			);
			name = Products;
			sourceTree = "<group>";
		};
		47B94EE91A480E05004DD15E /* Health Beat */ = {
			isa = PBXGroup;
			children = (
				47B94EEE1A480E05004DD15E /* AppDelegate.h */,
				47B94EEF1A480E05004DD15E /* AppDelegate.m */,
				47B94EF71A480E05004DD15E /* Main.storyboard */,
				47B94EFA1A480E05004DD15E /* Images.xcassets */,
				47B94F161A4810A7004DD15E /* Images */,
				47B94F151A48109A004DD15E /* Controllers */,
				47B94F141A48108C004DD15E /* Views */,
				47B94F131A481085004DD15E /* Models */,
				47B94EFC1A480E05004DD15E /* LaunchScreen.xib */,
				47B94EEA1A480E05004DD15E /* Supporting Files */,
			);
			path = "Health Beat";
			sourceTree = "<group>";
		};
		47B94EEA1A480E05004DD15E /* Supporting Files */ = {
			isa = PBXGroup;
			children = (
				47B94EEB1A480E05004DD15E /* Info.plist */,
				47B94EEC1A480E05004DD15E /* main.m */,
			);
			name = "Supporting Files";
			sourceTree = "<group>";
		};
		47B94F061A480E05004DD15E /* Health BeatTests */ = {
			isa = PBXGroup;
			children = (
				47B94F091A480E05004DD15E /* Health_BeatTests.m */,
				47B94F071A480E05004DD15E /* Supporting Files */,
			);
			path = "Health BeatTests";
			sourceTree = "<group>";
		};
		47B94F071A480E05004DD15E /* Supporting Files */ = {
			isa = PBXGroup;
			children = (
				47B94F081A480E05004DD15E /* Info.plist */,
			);
			name = "Supporting Files";
			sourceTree = "<group>";
		};
		47B94F131A481085004DD15E /* Models */ = {
			isa = PBXGroup;
			children = (
				47360DA11A482FBE00CCDEB0 /* WeightEntry.h */,
				47360DA21A482FBE00CCDEB0 /* WeightEntry.m */,
				47360DA41A48318A00CCDEB0 /* WeightHistory.h */,
				47360DA51A48318A00CCDEB0 /* WeightHistory.m */,
			);
			name = Models;
			sourceTree = "<group>";
		};
		47B94F141A48108C004DD15E /* Views */ = {
			isa = PBXGroup;
			children = (
			);
			name = Views;
			sourceTree = "<group>";
		};
		47B94F151A48109A004DD15E /* Controllers */ = {
			isa = PBXGroup;
			children = (
				47B94F171A481302004DD15E /* EnterWeightViewController.h */,
				47B94F181A481302004DD15E /* EnterWeightViewController.m */,
				47B94F1D1A481360004DD15E /* HistoryViewController.h */,
				47B94F1E1A481360004DD15E /* HistoryViewController.m */,
				47B94F201A48138B004DD15E /* DetailViewController.h */,
				47B94F211A48138B004DD15E /* DetailViewController.m */,
				47B94F231A4813A4004DD15E /* GraphViewController.h */,
				47B94F241A4813A4004DD15E /* GraphViewController.m */,
				475252641A4992EF00687E69 /* TabBarController.h */,
				475252651A4992EF00687E69 /* TabBarController.m */,
			);
			name = Controllers;
			sourceTree = "<group>";
		};
		47B94F161A4810A7004DD15E /* Images */ = {
			isa = PBXGroup;
			children = (
			);
			name = Images;
			sourceTree = "<group>";
		};
/* End PBXGroup section */

/* Begin PBXNativeTarget section */
		47B94EE61A480E05004DD15E /* Health Beat */ = {
			isa = PBXNativeTarget;
			buildConfigurationList = 47B94F0D1A480E05004DD15E /* Build configuration list for PBXNativeTarget "Health Beat" */;
			buildPhases = (
				47B94EE31A480E05004DD15E /* Sources */,
				47B94EE41A480E05004DD15E /* Frameworks */,
				47B94EE51A480E05004DD15E /* Resources */,
			);
			buildRules = (
			);
			dependencies = (
			);
			name = "Health Beat";
			productName = "Health Beat";
			productReference = 47B94EE71A480E05004DD15E /* Health Beat.app */;
			productType = "com.apple.product-type.application";
		};
		47B94F021A480E05004DD15E /* Health BeatTests */ = {
			isa = PBXNativeTarget;
			buildConfigurationList = 47B94F101A480E05004DD15E /* Build configuration list for PBXNativeTarget "Health BeatTests" */;
			buildPhases = (
				47B94EFF1A480E05004DD15E /* Sources */,
				47B94F001A480E05004DD15E /* Frameworks */,
				47B94F011A480E05004DD15E /* Resources */,
			);
			buildRules = (
			);
			dependencies = (
				47B94F051A480E05004DD15E /* PBXTargetDependency */,
			);
			name = "Health BeatTests";
			productName = "Health BeatTests";
			productReference = 47B94F031A480E05004DD15E /* Health BeatTests.xctest */;
			productType = "com.apple.product-type.bundle.unit-test";
		};
/* End PBXNativeTarget section */

/* Begin PBXProject section */
		47B94EDF1A480E05004DD15E /* Project object */ = {
			isa = PBXProject;
			attributes = {
				LastUpgradeCheck = 0610;
				ORGANIZATIONNAME = Harly;
				TargetAttributes = {
					47B94EE61A480E05004DD15E = {
						CreatedOnToolsVersion = 6.1.1;
					};
					47B94F021A480E05004DD15E = {
						CreatedOnToolsVersion = 6.1.1;
						TestTargetID = 47B94EE61A480E05004DD15E;
					};
				};
			};
			buildConfigurationList = 47B94EE21A480E05004DD15E /* Build configuration list for PBXProject "Health Beat" */;
			compatibilityVersion = "Xcode 3.2";
			developmentRegion = English;
			hasScannedForEncodings = 0;
			knownRegions = (
				en,
				Base,
			);
			mainGroup = 47B94EDE1A480E05004DD15E;
			productRefGroup = 47B94EE81A480E05004DD15E /* Products */;
			projectDirPath = "";
			projectRoot = "";
			targets = (
				47B94EE61A480E05004DD15E /* Health Beat */,
				47B94F021A480E05004DD15E /* Health BeatTests */,
			);
		};
/* End PBXProject section */

/* Begin PBXResourcesBuildPhase section */
		47B94EE51A480E05004DD15E /* Resources */ = {
			isa = PBXResourcesBuildPhase;
			buildActionMask = 2147483647;
			files = (
				47B94EF91A480E05004DD15E /* Main.storyboard in Resources */,
				47B94EFE1A480E05004DD15E /* LaunchScreen.xib in Resources */,
				47B94EFB1A480E05004DD15E /* Images.xcassets in Resources */,
			);
			runOnlyForDeploymentPostprocessing = 0;
		};
		47B94F011A480E05004DD15E /* Resources */ = {
			isa = PBXResourcesBuildPhase;
			buildActionMask = 2147483647;
			files = (
			);
			runOnlyForDeploymentPostprocessing = 0;
		};
/* End PBXResourcesBuildPhase section */

/* Begin PBXSourcesBuildPhase section */
		47B94EE31A480E05004DD15E /* Sources */ = {
			isa = PBXSourcesBuildPhase;
			buildActionMask = 2147483647;
			files = (
				47B94F221A48138B004DD15E /* DetailViewController.m in Sources */,
				47B94F191A481302004DD15E /* EnterWeightViewController.m in Sources */,
				47B94EF01A480E05004DD15E /* AppDelegate.m in Sources */,
				475252661A4992EF00687E69 /* TabBarController.m in Sources */,
				47B94EED1A480E05004DD15E /* main.m in Sources */,
				47360DA61A48318A00CCDEB0 /* WeightHistory.m in Sources */,
				47360DA31A482FBE00CCDEB0 /* WeightEntry.m in Sources */,
				47B94F1F1A481360004DD15E /* HistoryViewController.m in Sources */,
				47B94F251A4813A4004DD15E /* GraphViewController.m in Sources */,
			);
			runOnlyForDeploymentPostprocessing = 0;
		};
		47B94EFF1A480E05004DD15E /* Sources */ = {
			isa = PBXSourcesBuildPhase;
			buildActionMask = 2147483647;
			files = (
				47B94F0A1A480E05004DD15E /* Health_BeatTests.m in Sources */,
			);
			runOnlyForDeploymentPostprocessing = 0;
		};
/* End PBXSourcesBuildPhase section */

/* Begin PBXTargetDependency section */
		47B94F051A480E05004DD15E /* PBXTargetDependency */ = {
			isa = PBXTargetDependency;
			target = 47B94EE61A480E05004DD15E /* Health Beat */;
			targetProxy = 47B94F041A480E05004DD15E /* PBXContainerItemProxy */;
		};
/* End PBXTargetDependency section */

/* Begin PBXVariantGroup section */
		47B94EF71A480E05004DD15E /* Main.storyboard */ = {
			isa = PBXVariantGroup;
			children = (
				47B94EF81A480E05004DD15E /* Base */,
			);
			name = Main.storyboard;
			sourceTree = "<group>";
		};
		47B94EFC1A480E05004DD15E /* LaunchScreen.xib */ = {
			isa = PBXVariantGroup;
			children = (
				47B94EFD1A480E05004DD15E /* Base */,
			);
			name = LaunchScreen.xib;
			sourceTree = "<group>";
		};
/* End PBXVariantGroup section */

/* Begin XCBuildConfiguration section */
		47B94F0B1A480E05004DD15E /* Debug */ = {
			isa = XCBuildConfiguration;
			buildSettings = {
				ALWAYS_SEARCH_USER_PATHS = NO;
				CLANG_CXX_LANGUAGE_STANDARD = "gnu++0x";
				CLANG_CXX_LIBRARY = "libc++";
				CLANG_ENABLE_MODULES = YES;
				CLANG_ENABLE_OBJC_ARC = YES;
				CLANG_WARN_BOOL_CONVERSION = YES;
				CLANG_WARN_CONSTANT_CONVERSION = YES;
				CLANG_WARN_DIRECT_OBJC_ISA_USAGE = YES_ERROR;
				CLANG_WARN_EMPTY_BODY = YES;
				CLANG_WARN_ENUM_CONVERSION = YES;
				CLANG_WARN_INT_CONVERSION = YES;
				CLANG_WARN_OBJC_ROOT_CLASS = YES_ERROR;
				CLANG_WARN_UNREACHABLE_CODE = YES;
				CLANG_WARN__DUPLICATE_METHOD_MATCH = YES;
				"CODE_SIGN_IDENTITY[sdk=iphoneos*]" = "iPhone Developer";
				COPY_PHASE_STRIP = NO;
				ENABLE_STRICT_OBJC_MSGSEND = YES;
				GCC_C_LANGUAGE_STANDARD = gnu99;
				GCC_DYNAMIC_NO_PIC = NO;
				GCC_OPTIMIZATION_LEVEL = 0;
				GCC_PREPROCESSOR_DEFINITIONS = (
					"DEBUG=1",
					"$(inherited)",
				);
				GCC_SYMBOLS_PRIVATE_EXTERN = NO;
				GCC_WARN_64_TO_32_BIT_CONVERSION = YES;
				GCC_WARN_ABOUT_RETURN_TYPE = YES_ERROR;
				GCC_WARN_UNDECLARED_SELECTOR = YES;
				GCC_WARN_UNINITIALIZED_AUTOS = YES_AGGRESSIVE;
				GCC_WARN_UNUSED_FUNCTION = YES;
				GCC_WARN_UNUSED_VARIABLE = YES;
				IPHONEOS_DEPLOYMENT_TARGET = 8.1;
				MTL_ENABLE_DEBUG_INFO = YES;
				ONLY_ACTIVE_ARCH = YES;
				SDKROOT = iphoneos;
				TARGETED_DEVICE_FAMILY = "1,2";
			};
			name = Debug;
		};
		47B94F0C1A480E05004DD15E /* Release */ = {
			isa = XCBuildConfiguration;
			buildSettings = {
				ALWAYS_SEARCH_USER_PATHS = NO;
				CLANG_CXX_LANGUAGE_STANDARD = "gnu++0x";
				CLANG_CXX_LIBRARY = "libc++";
				CLANG_ENABLE_MODULES = YES;
				CLANG_ENABLE_OBJC_ARC = YES;
				CLANG_WARN_BOOL_CONVERSION = YES;
				CLANG_WARN_CONSTANT_CONVERSION = YES;
				CLANG_WARN_DIRECT_OBJC_ISA_USAGE = YES_ERROR;
				CLANG_WARN_EMPTY_BODY = YES;
				CLANG_WARN_ENUM_CONVERSION = YES;
				CLANG_WARN_INT_CONVERSION = YES;
				CLANG_WARN_OBJC_ROOT_CLASS = YES_ERROR;
				CLANG_WARN_UNREACHABLE_CODE = YES;
				CLANG_WARN__DUPLICATE_METHOD_MATCH = YES;
				"CODE_SIGN_IDENTITY[sdk=iphoneos*]" = "iPhone Developer";
				COPY_PHASE_STRIP = YES;
				ENABLE_NS_ASSERTIONS = NO;
				ENABLE_STRICT_OBJC_MSGSEND = YES;
				GCC_C_LANGUAGE_STANDARD = gnu99;
				GCC_WARN_64_TO_32_BIT_CONVERSION = YES;
				GCC_WARN_ABOUT_RETURN_TYPE = YES_ERROR;
				GCC_WARN_UNDECLARED_SELECTOR = YES;
				GCC_WARN_UNINITIALIZED_AUTOS = YES_AGGRESSIVE;
				GCC_WARN_UNUSED_FUNCTION = YES;
				GCC_WARN_UNUSED_VARIABLE = YES;
				IPHONEOS_DEPLOYMENT_TARGET = 8.1;
				MTL_ENABLE_DEBUG_INFO = NO;
				SDKROOT = iphoneos;
				TARGETED_DEVICE_FAMILY = "1,2";
				VALIDATE_PRODUCT = YES;
			};
			name = Release;
		};
		47B94F0E1A480E05004DD15E /* Debug */ = {
			isa = XCBuildConfiguration;
			buildSettings = {
				ASSETCATALOG_COMPILER_APPICON_NAME = AppIcon;
				CLANG_WARN_DEPRECATED_OBJC_IMPLEMENTATIONS = YES;
				GCC_WARN_MULTIPLE_DEFINITION_TYPES_FOR_SELECTOR = YES;
				GCC_WARN_STRICT_SELECTOR_MATCH = YES;
				INFOPLIST_FILE = "Health Beat/Info.plist";
				LD_RUNPATH_SEARCH_PATHS = "$(inherited) @executable_path/Frameworks";
				PRODUCT_NAME = "$(TARGET_NAME)";
				RUN_CLANG_STATIC_ANALYZER = YES;
			};
			name = Debug;
		};
		47B94F0F1A480E05004DD15E /* Release */ = {
			isa = XCBuildConfiguration;
			buildSettings = {
				ASSETCATALOG_COMPILER_APPICON_NAME = AppIcon;
				CLANG_WARN_DEPRECATED_OBJC_IMPLEMENTATIONS = YES;
				GCC_WARN_MULTIPLE_DEFINITION_TYPES_FOR_SELECTOR = YES;
				GCC_WARN_STRICT_SELECTOR_MATCH = YES;
				INFOPLIST_FILE = "Health Beat/Info.plist";
				LD_RUNPATH_SEARCH_PATHS = "$(inherited) @executable_path/Frameworks";
				PRODUCT_NAME = "$(TARGET_NAME)";
				RUN_CLANG_STATIC_ANALYZER = YES;
			};
			name = Release;
		};
		47B94F111A480E05004DD15E /* Debug */ = {
			isa = XCBuildConfiguration;
			buildSettings = {
				BUNDLE_LOADER = "$(TEST_HOST)";
				FRAMEWORK_SEARCH_PATHS = (
					"$(SDKROOT)/Developer/Library/Frameworks",
					"$(inherited)",
				);
				GCC_PREPROCESSOR_DEFINITIONS = (
					"DEBUG=1",
					"$(inherited)",
				);
				INFOPLIST_FILE = "Health BeatTests/Info.plist";
				LD_RUNPATH_SEARCH_PATHS = "$(inherited) @executable_path/Frameworks @loader_path/Frameworks";
				PRODUCT_NAME = "$(TARGET_NAME)";
				TEST_HOST = "$(BUILT_PRODUCTS_DIR)/Health Beat.app/Health Beat";
			};
			name = Debug;
		};
		47B94F121A480E05004DD15E /* Release */ = {
			isa = XCBuildConfiguration;
			buildSettings = {
				BUNDLE_LOADER = "$(TEST_HOST)";
				FRAMEWORK_SEARCH_PATHS = (
					"$(SDKROOT)/Developer/Library/Frameworks",
					"$(inherited)",
				);
				INFOPLIST_FILE = "Health BeatTests/Info.plist";
				LD_RUNPATH_SEARCH_PATHS = "$(inherited) @executable_path/Frameworks @loader_path/Frameworks";
				PRODUCT_NAME = "$(TARGET_NAME)";
				TEST_HOST = "$(BUILT_PRODUCTS_DIR)/Health Beat.app/Health Beat";
			};
			name = Release;
		};
/* End XCBuildConfiguration section */

/* Begin XCConfigurationList section */
		47B94EE21A480E05004DD15E /* Build configuration list for PBXProject "Health Beat" */ = {
			isa = XCConfigurationList;
			buildConfigurations = (
				47B94F0B1A480E05004DD15E /* Debug */,
				47B94F0C1A480E05004DD15E /* Release */,
			);
			defaultConfigurationIsVisible = 0;
			defaultConfigurationName = Release;
		};
		47B94F0D1A480E05004DD15E /* Build configuration list for PBXNativeTarget "Health Beat" */ = {
			isa = XCConfigurationList;
			buildConfigurations = (
				47B94F0E1A480E05004DD15E /* Debug */,
				47B94F0F1A480E05004DD15E /* Release */,
			);
			defaultConfigurationIsVisible = 0;
			defaultConfigurationName = Release;
		};
		47B94F101A480E05004DD15E /* Build configuration list for PBXNativeTarget "Health BeatTests" */ = {
			isa = XCConfigurationList;
			buildConfigurations = (
				47B94F111A480E05004DD15E /* Debug */,
				47B94F121A480E05004DD15E /* Release */,
			);
			defaultConfigurationIsVisible = 0;
			defaultConfigurationName = Release;
		};
/* End XCConfigurationList section */
	};
	rootObject = 47B94EDF1A480E05004DD15E /* Project object */;
}
